// !$*UTF8*$!
{
	archiveVersion = 1;
	classes = {
	};
	objectVersion = 56;
	objects = {

/* Begin PBXBuildFile section */
		5E23A5652913EAC200ED301D /* ReloadProtocol.swift in Sources */ = {isa = PBXBuildFile; fileRef = 5E23A5642913EAC200ED301D /* ReloadProtocol.swift */; };
		5E2DC73B2905495F00EC49BE /* PressedButtonProtocol.swift in Sources */ = {isa = PBXBuildFile; fileRef = 5E2DC73A2905495F00EC49BE /* PressedButtonProtocol.swift */; };
		5E32048E28F40BF5002A9B01 /* AppDelegate.swift in Sources */ = {isa = PBXBuildFile; fileRef = 5E32048D28F40BF5002A9B01 /* AppDelegate.swift */; };
		5E32049028F40BF5002A9B01 /* SceneDelegate.swift in Sources */ = {isa = PBXBuildFile; fileRef = 5E32048F28F40BF5002A9B01 /* SceneDelegate.swift */; };
		5E32049728F40BF6002A9B01 /* Assets.xcassets in Resources */ = {isa = PBXBuildFile; fileRef = 5E32049628F40BF6002A9B01 /* Assets.xcassets */; };
		5EE2E70028F4188500D45439 /* LaunchScreenViewController.swift in Sources */ = {isa = PBXBuildFile; fileRef = 5EE2E6FF28F4188500D45439 /* LaunchScreenViewController.swift */; };
		5EE2E70228F41A3E00D45439 /* Constants.swift in Sources */ = {isa = PBXBuildFile; fileRef = 5EE2E70128F41A3E00D45439 /* Constants.swift */; };
		5EE2E70428F41A7100D45439 /* HabitStore.swift in Sources */ = {isa = PBXBuildFile; fileRef = 5EE2E70328F41A7100D45439 /* HabitStore.swift */; };
		5EE2E70828F4937500D45439 /* HabitsView.swift in Sources */ = {isa = PBXBuildFile; fileRef = 5EE2E70728F4937500D45439 /* HabitsView.swift */; };
		5EE2E70A28F49E3300D45439 /* HabitsViewController.swift in Sources */ = {isa = PBXBuildFile; fileRef = 5EE2E70928F49E3300D45439 /* HabitsViewController.swift */; };
		5EE2E70D28F4A14B00D45439 /* InputProtocol.swift in Sources */ = {isa = PBXBuildFile; fileRef = 5EE2E70C28F4A14B00D45439 /* InputProtocol.swift */; };
		5EE2E70F28F4A6CF00D45439 /* HabitCustomCell.swift in Sources */ = {isa = PBXBuildFile; fileRef = 5EE2E70E28F4A6CF00D45439 /* HabitCustomCell.swift */; };
		5EE2E71128F4A75000D45439 /* TabBarViewController.swift in Sources */ = {isa = PBXBuildFile; fileRef = 5EE2E71028F4A75000D45439 /* TabBarViewController.swift */; };
		5EE2E71328F4A91000D45439 /* InformationViewController.swift in Sources */ = {isa = PBXBuildFile; fileRef = 5EE2E71228F4A91000D45439 /* InformationViewController.swift */; };
		5EE2E71728F598F300D45439 /* ProgressCustomCell.swift in Sources */ = {isa = PBXBuildFile; fileRef = 5EE2E71628F598F300D45439 /* ProgressCustomCell.swift */; };
		5EE2E71A28F5A46500D45439 /* OutputProtocol.swift in Sources */ = {isa = PBXBuildFile; fileRef = 5EE2E71928F5A46500D45439 /* OutputProtocol.swift */; };
		5EE2E71C28F5A96400D45439 /* CreateHabitView.swift in Sources */ = {isa = PBXBuildFile; fileRef = 5EE2E71B28F5A96400D45439 /* CreateHabitView.swift */; };
		5EE2E71E28F66ABC00D45439 /* CreateHabitViewController.swift in Sources */ = {isa = PBXBuildFile; fileRef = 5EE2E71D28F66ABC00D45439 /* CreateHabitViewController.swift */; };
		5EE2E72428F6C0BC00D45439 /* Storyboard.storyboard in Resources */ = {isa = PBXBuildFile; fileRef = 5EE2E72328F6C0BC00D45439 /* Storyboard.storyboard */; };
		5EE2E72628F6F25B00D45439 /* HabitDetailView.swift in Sources */ = {isa = PBXBuildFile; fileRef = 5EE2E72528F6F25B00D45439 /* HabitDetailView.swift */; };
		5EE2E72828F6F27500D45439 /* HabitDetailViewController.swift in Sources */ = {isa = PBXBuildFile; fileRef = 5EE2E72728F6F27500D45439 /* HabitDetailViewController.swift */; };
/* End PBXBuildFile section */

/* Begin PBXFileReference section */
		5E23A5642913EAC200ED301D /* ReloadProtocol.swift */ = {isa = PBXFileReference; lastKnownFileType = sourcecode.swift; path = ReloadProtocol.swift; sourceTree = "<group>"; };
		5E2DC73A2905495F00EC49BE /* PressedButtonProtocol.swift */ = {isa = PBXFileReference; lastKnownFileType = sourcecode.swift; path = PressedButtonProtocol.swift; sourceTree = "<group>"; };
		5E32048A28F40BF5002A9B01 /* MyHabits.app */ = {isa = PBXFileReference; explicitFileType = wrapper.application; includeInIndex = 0; path = MyHabits.app; sourceTree = BUILT_PRODUCTS_DIR; };
		5E32048D28F40BF5002A9B01 /* AppDelegate.swift */ = {isa = PBXFileReference; lastKnownFileType = sourcecode.swift; path = AppDelegate.swift; sourceTree = "<group>"; };
		5E32048F28F40BF5002A9B01 /* SceneDelegate.swift */ = {isa = PBXFileReference; lastKnownFileType = sourcecode.swift; path = SceneDelegate.swift; sourceTree = "<group>"; };
		5E32049628F40BF6002A9B01 /* Assets.xcassets */ = {isa = PBXFileReference; lastKnownFileType = folder.assetcatalog; path = Assets.xcassets; sourceTree = "<group>"; };
		5E32049B28F40BF6002A9B01 /* Info.plist */ = {isa = PBXFileReference; lastKnownFileType = text.plist.xml; path = Info.plist; sourceTree = "<group>"; };
		5EE2E6FF28F4188500D45439 /* LaunchScreenViewController.swift */ = {isa = PBXFileReference; lastKnownFileType = sourcecode.swift; path = LaunchScreenViewController.swift; sourceTree = "<group>"; };
		5EE2E70128F41A3E00D45439 /* Constants.swift */ = {isa = PBXFileReference; lastKnownFileType = sourcecode.swift; path = Constants.swift; sourceTree = "<group>"; };
		5EE2E70328F41A7100D45439 /* HabitStore.swift */ = {isa = PBXFileReference; lastKnownFileType = sourcecode.swift; path = HabitStore.swift; sourceTree = "<group>"; };
		5EE2E70728F4937500D45439 /* HabitsView.swift */ = {isa = PBXFileReference; lastKnownFileType = sourcecode.swift; path = HabitsView.swift; sourceTree = "<group>"; };
		5EE2E70928F49E3300D45439 /* HabitsViewController.swift */ = {isa = PBXFileReference; lastKnownFileType = sourcecode.swift; path = HabitsViewController.swift; sourceTree = "<group>"; };
		5EE2E70C28F4A14B00D45439 /* InputProtocol.swift */ = {isa = PBXFileReference; lastKnownFileType = sourcecode.swift; path = InputProtocol.swift; sourceTree = "<group>"; };
		5EE2E70E28F4A6CF00D45439 /* HabitCustomCell.swift */ = {isa = PBXFileReference; lastKnownFileType = sourcecode.swift; path = HabitCustomCell.swift; sourceTree = "<group>"; };
		5EE2E71028F4A75000D45439 /* TabBarViewController.swift */ = {isa = PBXFileReference; lastKnownFileType = sourcecode.swift; path = TabBarViewController.swift; sourceTree = "<group>"; };
		5EE2E71228F4A91000D45439 /* InformationViewController.swift */ = {isa = PBXFileReference; lastKnownFileType = sourcecode.swift; path = InformationViewController.swift; sourceTree = "<group>"; };
		5EE2E71628F598F300D45439 /* ProgressCustomCell.swift */ = {isa = PBXFileReference; lastKnownFileType = sourcecode.swift; path = ProgressCustomCell.swift; sourceTree = "<group>"; };
		5EE2E71928F5A46500D45439 /* OutputProtocol.swift */ = {isa = PBXFileReference; lastKnownFileType = sourcecode.swift; path = OutputProtocol.swift; sourceTree = "<group>"; };
		5EE2E71B28F5A96400D45439 /* CreateHabitView.swift */ = {isa = PBXFileReference; lastKnownFileType = sourcecode.swift; path = CreateHabitView.swift; sourceTree = "<group>"; };
		5EE2E71D28F66ABC00D45439 /* CreateHabitViewController.swift */ = {isa = PBXFileReference; lastKnownFileType = sourcecode.swift; path = CreateHabitViewController.swift; sourceTree = "<group>"; };
		5EE2E72328F6C0BC00D45439 /* Storyboard.storyboard */ = {isa = PBXFileReference; lastKnownFileType = file.storyboard; path = Storyboard.storyboard; sourceTree = "<group>"; };
		5EE2E72528F6F25B00D45439 /* HabitDetailView.swift */ = {isa = PBXFileReference; lastKnownFileType = sourcecode.swift; path = HabitDetailView.swift; sourceTree = "<group>"; };
		5EE2E72728F6F27500D45439 /* HabitDetailViewController.swift */ = {isa = PBXFileReference; lastKnownFileType = sourcecode.swift; path = HabitDetailViewController.swift; sourceTree = "<group>"; };
/* End PBXFileReference section */

/* Begin PBXFrameworksBuildPhase section */
		5E32048728F40BF5002A9B01 /* Frameworks */ = {
			isa = PBXFrameworksBuildPhase;
			buildActionMask = 2147483647;
			files = (
			);
			runOnlyForDeploymentPostprocessing = 0;
		};
/* End PBXFrameworksBuildPhase section */

/* Begin PBXGroup section */
		5E32048128F40BF5002A9B01 = {
			isa = PBXGroup;
			children = (
				5E32048C28F40BF5002A9B01 /* MyHabits */,
				5E32048B28F40BF5002A9B01 /* Products */,
			);
			sourceTree = "<group>";
		};
		5E32048B28F40BF5002A9B01 /* Products */ = {
			isa = PBXGroup;
			children = (
				5E32048A28F40BF5002A9B01 /* MyHabits.app */,
			);
			name = Products;
			sourceTree = "<group>";
		};
		5E32048C28F40BF5002A9B01 /* MyHabits */ = {
			isa = PBXGroup;
			children = (
				5E32048D28F40BF5002A9B01 /* AppDelegate.swift */,
				5E32048F28F40BF5002A9B01 /* SceneDelegate.swift */,
				5EE2E6FE28F4164B00D45439 /* Helper */,
				5EE2E6FD28F4163E00D45439 /* Model */,
				5EE2E6FC28F4163600D45439 /* Views */,
				5EE2E6FB28F4162700D45439 /* Controllers */,
				5E32049628F40BF6002A9B01 /* Assets.xcassets */,
				5E32049B28F40BF6002A9B01 /* Info.plist */,
				5EE2E72328F6C0BC00D45439 /* Storyboard.storyboard */,
			);
			path = MyHabits;
			sourceTree = "<group>";
		};
		5EE2E6FB28F4162700D45439 /* Controllers */ = {
			isa = PBXGroup;
			children = (
				5EE2E70928F49E3300D45439 /* HabitsViewController.swift */,
				5EE2E71D28F66ABC00D45439 /* CreateHabitViewController.swift */,
				5EE2E72728F6F27500D45439 /* HabitDetailViewController.swift */,
				5EE2E71228F4A91000D45439 /* InformationViewController.swift */,
				5EE2E71428F5985E00D45439 /* Other */,
			);
			path = Controllers;
			sourceTree = "<group>";
		};
		5EE2E6FC28F4163600D45439 /* Views */ = {
			isa = PBXGroup;
			children = (
				5EE2E71528F5989D00D45439 /* Habits View */,
				5EE2E71B28F5A96400D45439 /* CreateHabitView.swift */,
				5EE2E72528F6F25B00D45439 /* HabitDetailView.swift */,
			);
			path = Views;
			sourceTree = "<group>";
		};
		5EE2E6FD28F4163E00D45439 /* Model */ = {
			isa = PBXGroup;
			children = (
				5EE2E70328F41A7100D45439 /* HabitStore.swift */,
				5EE2E70B28F4A11000D45439 /* Delegate Protocols */,
			);
			path = Model;
			sourceTree = "<group>";
		};
		5EE2E6FE28F4164B00D45439 /* Helper */ = {
			isa = PBXGroup;
			children = (
				5EE2E70128F41A3E00D45439 /* Constants.swift */,
			);
			path = Helper;
			sourceTree = "<group>";
		};
		5EE2E70B28F4A11000D45439 /* Delegate Protocols */ = {
			isa = PBXGroup;
			children = (
				5EE2E70C28F4A14B00D45439 /* InputProtocol.swift */,
				5EE2E71928F5A46500D45439 /* OutputProtocol.swift */,
				5E2DC73A2905495F00EC49BE /* PressedButtonProtocol.swift */,
				5E23A5642913EAC200ED301D /* ReloadProtocol.swift */,
			);
			path = "Delegate Protocols";
			sourceTree = "<group>";
		};
		5EE2E71428F5985E00D45439 /* Other */ = {
			isa = PBXGroup;
			children = (
				5EE2E71028F4A75000D45439 /* TabBarViewController.swift */,
				5EE2E6FF28F4188500D45439 /* LaunchScreenViewController.swift */,
			);
			path = Other;
			sourceTree = "<group>";
		};
		5EE2E71528F5989D00D45439 /* Habits View */ = {
			isa = PBXGroup;
			children = (
				5EE2E70728F4937500D45439 /* HabitsView.swift */,
				5EE2E71828F5990100D45439 /* Custom Cells */,
			);
			path = "Habits View";
			sourceTree = "<group>";
		};
		5EE2E71828F5990100D45439 /* Custom Cells */ = {
			isa = PBXGroup;
			children = (
				5EE2E70E28F4A6CF00D45439 /* HabitCustomCell.swift */,
				5EE2E71628F598F300D45439 /* ProgressCustomCell.swift */,
			);
			path = "Custom Cells";
			sourceTree = "<group>";
		};
/* End PBXGroup section */

/* Begin PBXNativeTarget section */
		5E32048928F40BF5002A9B01 /* MyHabits */ = {
			isa = PBXNativeTarget;
			buildConfigurationList = 5E32049E28F40BF6002A9B01 /* Build configuration list for PBXNativeTarget "MyHabits" */;
			buildPhases = (
				5E32048628F40BF5002A9B01 /* Sources */,
				5E32048728F40BF5002A9B01 /* Frameworks */,
				5E32048828F40BF5002A9B01 /* Resources */,
			);
			buildRules = (
			);
			dependencies = (
			);
			name = MyHabits;
			productName = MyHabits;
			productReference = 5E32048A28F40BF5002A9B01 /* MyHabits.app */;
			productType = "com.apple.product-type.application";
		};
/* End PBXNativeTarget section */

/* Begin PBXProject section */
		5E32048228F40BF5002A9B01 /* Project object */ = {
			isa = PBXProject;
			attributes = {
				BuildIndependentTargetsInParallel = 1;
				LastSwiftUpdateCheck = 1400;
				LastUpgradeCheck = 1400;
				TargetAttributes = {
					5E32048928F40BF5002A9B01 = {
						CreatedOnToolsVersion = 14.0;
					};
				};
			};
			buildConfigurationList = 5E32048528F40BF5002A9B01 /* Build configuration list for PBXProject "MyHabits" */;
			compatibilityVersion = "Xcode 14.0";
			developmentRegion = en;
			hasScannedForEncodings = 0;
			knownRegions = (
				en,
				Base,
			);
			mainGroup = 5E32048128F40BF5002A9B01;
			productRefGroup = 5E32048B28F40BF5002A9B01 /* Products */;
			projectDirPath = "";
			projectRoot = "";
			targets = (
				5E32048928F40BF5002A9B01 /* MyHabits */,
			);
		};
/* End PBXProject section */

/* Begin PBXResourcesBuildPhase section */
		5E32048828F40BF5002A9B01 /* Resources */ = {
			isa = PBXResourcesBuildPhase;
			buildActionMask = 2147483647;
			files = (
				5E32049728F40BF6002A9B01 /* Assets.xcassets in Resources */,
				5EE2E72428F6C0BC00D45439 /* Storyboard.storyboard in Resources */,
			);
			runOnlyForDeploymentPostprocessing = 0;
		};
/* End PBXResourcesBuildPhase section */

/* Begin PBXSourcesBuildPhase section */
		5E32048628F40BF5002A9B01 /* Sources */ = {
			isa = PBXSourcesBuildPhase;
			buildActionMask = 2147483647;
			files = (
				5E32048E28F40BF5002A9B01 /* AppDelegate.swift in Sources */,
				5EE2E71328F4A91000D45439 /* InformationViewController.swift in Sources */,
				5EE2E70F28F4A6CF00D45439 /* HabitCustomCell.swift in Sources */,
				5EE2E72828F6F27500D45439 /* HabitDetailViewController.swift in Sources */,
				5EE2E71E28F66ABC00D45439 /* CreateHabitViewController.swift in Sources */,
				5EE2E71728F598F300D45439 /* ProgressCustomCell.swift in Sources */,
				5E2DC73B2905495F00EC49BE /* PressedButtonProtocol.swift in Sources */,
				5EE2E70828F4937500D45439 /* HabitsView.swift in Sources */,
				5EE2E72628F6F25B00D45439 /* HabitDetailView.swift in Sources */,
				5EE2E71128F4A75000D45439 /* TabBarViewController.swift in Sources */,
				5EE2E70A28F49E3300D45439 /* HabitsViewController.swift in Sources */,
				5EE2E71C28F5A96400D45439 /* CreateHabitView.swift in Sources */,
				5EE2E70D28F4A14B00D45439 /* InputProtocol.swift in Sources */,
				5EE2E71A28F5A46500D45439 /* OutputProtocol.swift in Sources */,
				5E32049028F40BF5002A9B01 /* SceneDelegate.swift in Sources */,
				5EE2E70428F41A7100D45439 /* HabitStore.swift in Sources */,
				5E23A5652913EAC200ED301D /* ReloadProtocol.swift in Sources */,
				5EE2E70028F4188500D45439 /* LaunchScreenViewController.swift in Sources */,
				5EE2E70228F41A3E00D45439 /* Constants.swift in Sources */,
			);
			runOnlyForDeploymentPostprocessing = 0;
		};
/* End PBXSourcesBuildPhase section */

/* Begin XCBuildConfiguration section */
		5E32049C28F40BF6002A9B01 /* Debug */ = {
			isa = XCBuildConfiguration;
			buildSettings = {
				ALWAYS_SEARCH_USER_PATHS = NO;
				CLANG_ANALYZER_NONNULL = YES;
				CLANG_ANALYZER_NUMBER_OBJECT_CONVERSION = YES_AGGRESSIVE;
				CLANG_CXX_LANGUAGE_STANDARD = "gnu++20";
				CLANG_ENABLE_MODULES = YES;
				CLANG_ENABLE_OBJC_ARC = YES;
				CLANG_ENABLE_OBJC_WEAK = YES;
				CLANG_WARN_BLOCK_CAPTURE_AUTORELEASING = YES;
				CLANG_WARN_BOOL_CONVERSION = YES;
				CLANG_WARN_COMMA = YES;
				CLANG_WARN_CONSTANT_CONVERSION = YES;
				CLANG_WARN_DEPRECATED_OBJC_IMPLEMENTATIONS = YES;
				CLANG_WARN_DIRECT_OBJC_ISA_USAGE = YES_ERROR;
				CLANG_WARN_DOCUMENTATION_COMMENTS = YES;
				CLANG_WARN_EMPTY_BODY = YES;
				CLANG_WARN_ENUM_CONVERSION = YES;
				CLANG_WARN_INFINITE_RECURSION = YES;
				CLANG_WARN_INT_CONVERSION = YES;
				CLANG_WARN_NON_LITERAL_NULL_CONVERSION = YES;
				CLANG_WARN_OBJC_IMPLICIT_RETAIN_SELF = YES;
				CLANG_WARN_OBJC_LITERAL_CONVERSION = YES;
				CLANG_WARN_OBJC_ROOT_CLASS = YES_ERROR;
				CLANG_WARN_QUOTED_INCLUDE_IN_FRAMEWORK_HEADER = YES;
				CLANG_WARN_RANGE_LOOP_ANALYSIS = YES;
				CLANG_WARN_STRICT_PROTOTYPES = YES;
				CLANG_WARN_SUSPICIOUS_MOVE = YES;
				CLANG_WARN_UNGUARDED_AVAILABILITY = YES_AGGRESSIVE;
				CLANG_WARN_UNREACHABLE_CODE = YES;
				CLANG_WARN__DUPLICATE_METHOD_MATCH = YES;
				COPY_PHASE_STRIP = NO;
				DEBUG_INFORMATION_FORMAT = dwarf;
				ENABLE_STRICT_OBJC_MSGSEND = YES;
				ENABLE_TESTABILITY = YES;
				GCC_C_LANGUAGE_STANDARD = gnu11;
				GCC_DYNAMIC_NO_PIC = NO;
				GCC_NO_COMMON_BLOCKS = YES;
				GCC_OPTIMIZATION_LEVEL = 0;
				GCC_PREPROCESSOR_DEFINITIONS = (
					"DEBUG=1",
					"$(inherited)",
				);
				GCC_WARN_64_TO_32_BIT_CONVERSION = YES;
				GCC_WARN_ABOUT_RETURN_TYPE = YES_ERROR;
				GCC_WARN_UNDECLARED_SELECTOR = YES;
				GCC_WARN_UNINITIALIZED_AUTOS = YES_AGGRESSIVE;
				GCC_WARN_UNUSED_FUNCTION = YES;
				GCC_WARN_UNUSED_VARIABLE = YES;
				IPHONEOS_DEPLOYMENT_TARGET = 16.0;
				MTL_ENABLE_DEBUG_INFO = INCLUDE_SOURCE;
				MTL_FAST_MATH = YES;
				ONLY_ACTIVE_ARCH = YES;
				SDKROOT = iphoneos;
				SWIFT_ACTIVE_COMPILATION_CONDITIONS = DEBUG;
				SWIFT_OPTIMIZATION_LEVEL = "-Onone";
			};
			name = Debug;
		};
		5E32049D28F40BF6002A9B01 /* Release */ = {
			isa = XCBuildConfiguration;
			buildSettings = {
				ALWAYS_SEARCH_USER_PATHS = NO;
				CLANG_ANALYZER_NONNULL = YES;
				CLANG_ANALYZER_NUMBER_OBJECT_CONVERSION = YES_AGGRESSIVE;
				CLANG_CXX_LANGUAGE_STANDARD = "gnu++20";
				CLANG_ENABLE_MODULES = YES;
				CLANG_ENABLE_OBJC_ARC = YES;
				CLANG_ENABLE_OBJC_WEAK = YES;
				CLANG_WARN_BLOCK_CAPTURE_AUTORELEASING = YES;
				CLANG_WARN_BOOL_CONVERSION = YES;
				CLANG_WARN_COMMA = YES;
				CLANG_WARN_CONSTANT_CONVERSION = YES;
				CLANG_WARN_DEPRECATED_OBJC_IMPLEMENTATIONS = YES;
				CLANG_WARN_DIRECT_OBJC_ISA_USAGE = YES_ERROR;
				CLANG_WARN_DOCUMENTATION_COMMENTS = YES;
				CLANG_WARN_EMPTY_BODY = YES;
				CLANG_WARN_ENUM_CONVERSION = YES;
				CLANG_WARN_INFINITE_RECURSION = YES;
				CLANG_WARN_INT_CONVERSION = YES;
				CLANG_WARN_NON_LITERAL_NULL_CONVERSION = YES;
				CLANG_WARN_OBJC_IMPLICIT_RETAIN_SELF = YES;
				CLANG_WARN_OBJC_LITERAL_CONVERSION = YES;
				CLANG_WARN_OBJC_ROOT_CLASS = YES_ERROR;
				CLANG_WARN_QUOTED_INCLUDE_IN_FRAMEWORK_HEADER = YES;
				CLANG_WARN_RANGE_LOOP_ANALYSIS = YES;
				CLANG_WARN_STRICT_PROTOTYPES = YES;
				CLANG_WARN_SUSPICIOUS_MOVE = YES;
				CLANG_WARN_UNGUARDED_AVAILABILITY = YES_AGGRESSIVE;
				CLANG_WARN_UNREACHABLE_CODE = YES;
				CLANG_WARN__DUPLICATE_METHOD_MATCH = YES;
				COPY_PHASE_STRIP = NO;
				DEBUG_INFORMATION_FORMAT = "dwarf-with-dsym";
				ENABLE_NS_ASSERTIONS = NO;
				ENABLE_STRICT_OBJC_MSGSEND = YES;
				GCC_C_LANGUAGE_STANDARD = gnu11;
				GCC_NO_COMMON_BLOCKS = YES;
				GCC_WARN_64_TO_32_BIT_CONVERSION = YES;
				GCC_WARN_ABOUT_RETURN_TYPE = YES_ERROR;
				GCC_WARN_UNDECLARED_SELECTOR = YES;
				GCC_WARN_UNINITIALIZED_AUTOS = YES_AGGRESSIVE;
				GCC_WARN_UNUSED_FUNCTION = YES;
				GCC_WARN_UNUSED_VARIABLE = YES;
				IPHONEOS_DEPLOYMENT_TARGET = 16.0;
				MTL_ENABLE_DEBUG_INFO = NO;
				MTL_FAST_MATH = YES;
				SDKROOT = iphoneos;
				SWIFT_COMPILATION_MODE = wholemodule;
				SWIFT_OPTIMIZATION_LEVEL = "-O";
				VALIDATE_PRODUCT = YES;
			};
			name = Release;
		};
		5E32049F28F40BF6002A9B01 /* Debug */ = {
			isa = XCBuildConfiguration;
			buildSettings = {
				ASSETCATALOG_COMPILER_APPICON_NAME = AppIcon;
				ASSETCATALOG_COMPILER_GLOBAL_ACCENT_COLOR_NAME = AccentColor;
				CODE_SIGN_STYLE = Automatic;
				CURRENT_PROJECT_VERSION = 1;
				DEVELOPMENT_TEAM = 3UW6R7LBJ3;
				GENERATE_INFOPLIST_FILE = YES;
				INFOPLIST_FILE = MyHabits/Info.plist;
				INFOPLIST_KEY_UIApplicationSupportsIndirectInputEvents = YES;
				INFOPLIST_KEY_UILaunchStoryboardName = LaunchScreen;
				INFOPLIST_KEY_UIMainStoryboardFile = "";
				INFOPLIST_KEY_UISupportedInterfaceOrientations_iPad = "UIInterfaceOrientationPortrait UIInterfaceOrientationPortraitUpsideDown UIInterfaceOrientationLandscapeLeft UIInterfaceOrientationLandscapeRight";
				INFOPLIST_KEY_UISupportedInterfaceOrientations_iPhone = "UIInterfaceOrientationPortrait UIInterfaceOrientationLandscapeLeft UIInterfaceOrientationLandscapeRight";
				IPHONEOS_DEPLOYMENT_TARGET = 16.0;
				LD_RUNPATH_SEARCH_PATHS = (
					"$(inherited)",
					"@executable_path/Frameworks",
				);
				MARKETING_VERSION = 1.0;
				PRODUCT_BUNDLE_IDENTIFIER = george.MyHabits;
				PRODUCT_NAME = "$(TARGET_NAME)";
				SWIFT_EMIT_LOC_STRINGS = YES;
				SWIFT_VERSION = 5.0;
				TARGETED_DEVICE_FAMILY = "1,2";
			};
			name = Debug;
		};
		5E3204A028F40BF6002A9B01 /* Release */ = {
			isa = XCBuildConfiguration;
			buildSettings = {
				ASSETCATALOG_COMPILER_APPICON_NAME = AppIcon;
				ASSETCATALOG_COMPILER_GLOBAL_ACCENT_COLOR_NAME = AccentColor;
				CODE_SIGN_STYLE = Automatic;
				CURRENT_PROJECT_VERSION = 1;
				DEVELOPMENT_TEAM = 3UW6R7LBJ3;
				GENERATE_INFOPLIST_FILE = YES;
				INFOPLIST_FILE = MyHabits/Info.plist;
				INFOPLIST_KEY_UIApplicationSupportsIndirectInputEvents = YES;
				INFOPLIST_KEY_UILaunchStoryboardName = LaunchScreen;
				INFOPLIST_KEY_UIMainStoryboardFile = "";
				INFOPLIST_KEY_UISupportedInterfaceOrientations_iPad = "UIInterfaceOrientationPortrait UIInterfaceOrientationPortraitUpsideDown UIInterfaceOrientationLandscapeLeft UIInterfaceOrientationLandscapeRight";
				INFOPLIST_KEY_UISupportedInterfaceOrientations_iPhone = "UIInterfaceOrientationPortrait UIInterfaceOrientationLandscapeLeft UIInterfaceOrientationLandscapeRight";
				IPHONEOS_DEPLOYMENT_TARGET = 16.0;
				LD_RUNPATH_SEARCH_PATHS = (
					"$(inherited)",
					"@executable_path/Frameworks",
				);
				MARKETING_VERSION = 1.0;
				PRODUCT_BUNDLE_IDENTIFIER = george.MyHabits;
				PRODUCT_NAME = "$(TARGET_NAME)";
				SWIFT_EMIT_LOC_STRINGS = YES;
				SWIFT_VERSION = 5.0;
				TARGETED_DEVICE_FAMILY = "1,2";
			};
			name = Release;
		};
/* End XCBuildConfiguration section */

/* Begin XCConfigurationList section */
		5E32048528F40BF5002A9B01 /* Build configuration list for PBXProject "MyHabits" */ = {
			isa = XCConfigurationList;
			buildConfigurations = (
				5E32049C28F40BF6002A9B01 /* Debug */,
				5E32049D28F40BF6002A9B01 /* Release */,
			);
			defaultConfigurationIsVisible = 0;
			defaultConfigurationName = Release;
		};
		5E32049E28F40BF6002A9B01 /* Build configuration list for PBXNativeTarget "MyHabits" */ = {
			isa = XCConfigurationList;
			buildConfigurations = (
				5E32049F28F40BF6002A9B01 /* Debug */,
				5E3204A028F40BF6002A9B01 /* Release */,
			);
			defaultConfigurationIsVisible = 0;
			defaultConfigurationName = Release;
		};
/* End XCConfigurationList section */
	};
	rootObject = 5E32048228F40BF5002A9B01 /* Project object */;
}
